schema: '2.0'
stages:
  transpose:
    cmd: python flatten.py
    deps:
    - path: flatten.py
      hash: md5
      md5: 1e89975f93c41cade74bb1c81e8a944f
      size: 1928
    - path: raw
      hash: md5
      md5: 3c0d2ea00b987a3a859064b6fad7407a.dir
      size: 867514925
      nfiles: 431
    outs:
    - path: flattened
      hash: md5
      md5: 8b4f1ca5d49874c83bc087346a674a61.dir
      size: 294564748
      nfiles: 428
  resize:
    cmd: python resize.py
    deps:
    - path: flattened
      hash: md5
      md5: 8b4f1ca5d49874c83bc087346a674a61.dir
      size: 294564748
      nfiles: 428
    - path: resize.py
      hash: md5
      md5: c1666a5fd54d0e1bf78ad9ecb7f2f7ba
      size: 1728
    outs:
    - path: resized
      hash: md5
      md5: 80a7a4ee484312ebfdba3ef7f024929e.dir
      size: 38935195
      nfiles: 428
  check_card_labels:
    cmd: python verify_cvat_pose_labels.py
    deps:
    - path: card_pose_labels
      hash: md5
      md5: bda0a22852f82b40f305ba442dfe73f3.dir
      size: 50504
      nfiles: 428
    - path: resized
      hash: md5
      md5: 80a7a4ee484312ebfdba3ef7f024929e.dir
      size: 38935195
      nfiles: 428
    - path: verify_cvat_pose_labels.py
      hash: md5
      md5: 0b0c2f74fdc78ddc997df765ca6dd5cb
      size: 1461
    outs:
    - path: card_pose_labels_verified
      hash: md5
      md5: bda0a22852f82b40f305ba442dfe73f3.dir
      size: 50504
      nfiles: 428
  check_segmentation_labels:
    cmd: python verify_sam_mask_labels.py
    deps:
    - path: penis_segmentation_masks
      hash: md5
      md5: 0716c24a624d68fc5096069cc9526da1.dir
      size: 848235
      nfiles: 745
    - path: resized
      hash: md5
      md5: 80a7a4ee484312ebfdba3ef7f024929e.dir
      size: 38935195
      nfiles: 428
    - path: verify_sam_mask_labels.py
      hash: md5
      md5: bfd870be7aa3a40531529d63d39768f9
      size: 2035
    outs:
    - path: penis_segmentation_masks_verified
      hash: md5
      md5: df8746e0f9555939cf231a3aaa36cb3c.dir
      size: 832388
      nfiles: 317
